// !$*UTF8*$!
{
	archiveVersion = 1;
	classes = {
	};
	objectVersion = 50;
	objects = {

/* Begin PBXBuildFile section */
		6060604021835623009BB419 /* AppDelegate.swift in Sources */ = {isa = PBXBuildFile; fileRef = 6060603F21835623009BB419 /* AppDelegate.swift */; };
		6060604221835623009BB419 /* ViewController.swift in Sources */ = {isa = PBXBuildFile; fileRef = 6060604121835623009BB419 /* ViewController.swift */; };
		6060604521835623009BB419 /* Main.storyboard in Resources */ = {isa = PBXBuildFile; fileRef = 6060604321835623009BB419 /* Main.storyboard */; };
		6060604821835623009BB419 /* FoodWorldCup.xcdatamodeld in Sources */ = {isa = PBXBuildFile; fileRef = 6060604621835623009BB419 /* FoodWorldCup.xcdatamodeld */; };
		6060604A21835625009BB419 /* Assets.xcassets in Resources */ = {isa = PBXBuildFile; fileRef = 6060604921835625009BB419 /* Assets.xcassets */; };
		6060604D21835625009BB419 /* LaunchScreen.storyboard in Resources */ = {isa = PBXBuildFile; fileRef = 6060604B21835625009BB419 /* LaunchScreen.storyboard */; };
/* End PBXBuildFile section */

/* Begin PBXFileReference section */
		6060603C21835623009BB419 /* FoodWorldCup.app */ = {isa = PBXFileReference; explicitFileType = wrapper.application; includeInIndex = 0; path = FoodWorldCup.app; sourceTree = BUILT_PRODUCTS_DIR; };
		6060603F21835623009BB419 /* AppDelegate.swift */ = {isa = PBXFileReference; lastKnownFileType = sourcecode.swift; path = AppDelegate.swift; sourceTree = "<group>"; };
		6060604121835623009BB419 /* ViewController.swift */ = {isa = PBXFileReference; lastKnownFileType = sourcecode.swift; path = ViewController.swift; sourceTree = "<group>"; };
		6060604421835623009BB419 /* Base */ = {isa = PBXFileReference; lastKnownFileType = file.storyboard; name = Base; path = Base.lproj/Main.storyboard; sourceTree = "<group>"; };
		6060604721835623009BB419 /* FoodWorldCup.xcdatamodel */ = {isa = PBXFileReference; lastKnownFileType = wrapper.xcdatamodel; path = FoodWorldCup.xcdatamodel; sourceTree = "<group>"; };
		6060604921835625009BB419 /* Assets.xcassets */ = {isa = PBXFileReference; lastKnownFileType = folder.assetcatalog; path = Assets.xcassets; sourceTree = "<group>"; };
		6060604C21835625009BB419 /* Base */ = {isa = PBXFileReference; lastKnownFileType = file.storyboard; name = Base; path = Base.lproj/LaunchScreen.storyboard; sourceTree = "<group>"; };
		6060604E21835625009BB419 /* Info.plist */ = {isa = PBXFileReference; lastKnownFileType = text.plist.xml; path = Info.plist; sourceTree = "<group>"; };
/* End PBXFileReference section */

/* Begin PBXFrameworksBuildPhase section */
		6060603921835623009BB419 /* Frameworks */ = {
			isa = PBXFrameworksBuildPhase;
			buildActionMask = 2147483647;
			files = (
			);
			runOnlyForDeploymentPostprocessing = 0;
		};
/* End PBXFrameworksBuildPhase section */

/* Begin PBXGroup section */
		6060603321835623009BB419 = {
			isa = PBXGroup;
			children = (
				6060603E21835623009BB419 /* FoodWorldCup */,
				6060603D21835623009BB419 /* Products */,
			);
			sourceTree = "<group>";
		};
		6060603D21835623009BB419 /* Products */ = {
			isa = PBXGroup;
			children = (
				6060603C21835623009BB419 /* FoodWorldCup.app */,
			);
			name = Products;
			sourceTree = "<group>";
		};
		6060603E21835623009BB419 /* FoodWorldCup */ = {
			isa = PBXGroup;
			children = (
				6060603F21835623009BB419 /* AppDelegate.swift */,
				6060604121835623009BB419 /* ViewController.swift */,
				6060604321835623009BB419 /* Main.storyboard */,
				6060604921835625009BB419 /* Assets.xcassets */,
				6060604B21835625009BB419 /* LaunchScreen.storyboard */,
				6060604E21835625009BB419 /* Info.plist */,
				6060604621835623009BB419 /* FoodWorldCup.xcdatamodeld */,
			);
			path = FoodWorldCup;
			sourceTree = "<group>";
		};
/* End PBXGroup section */

/* Begin PBXNativeTarget section */
		6060603B21835623009BB419 /* FoodWorldCup */ = {
			isa = PBXNativeTarget;
			buildConfigurationList = 6060605121835625009BB419 /* Build configuration list for PBXNativeTarget "FoodWorldCup" */;
			buildPhases = (
				6060603821835623009BB419 /* Sources */,
				6060603921835623009BB419 /* Frameworks */,
				6060603A21835623009BB419 /* Resources */,
			);
			buildRules = (
			);
			dependencies = (
			);
			name = FoodWorldCup;
			productName = FoodWorldCup;
			productReference = 6060603C21835623009BB419 /* FoodWorldCup.app */;
			productType = "com.apple.product-type.application";
		};
/* End PBXNativeTarget section */

/* Begin PBXProject section */
		6060603421835623009BB419 /* Project object */ = {
			isa = PBXProject;
			attributes = {
				LastSwiftUpdateCheck = 1000;
				LastUpgradeCheck = 1000;
				ORGANIZATIONNAME = Byunsangjin;
				TargetAttributes = {
					6060603B21835623009BB419 = {
						CreatedOnToolsVersion = 10.0;
					};
				};
			};
			buildConfigurationList = 6060603721835623009BB419 /* Build configuration list for PBXProject "FoodWorldCup" */;
			compatibilityVersion = "Xcode 9.3";
			developmentRegion = en;
			hasScannedForEncodings = 0;
			knownRegions = (
				en,
				Base,
			);
			mainGroup = 6060603321835623009BB419;
			productRefGroup = 6060603D21835623009BB419 /* Products */;
			projectDirPath = "";
			projectRoot = "";
			targets = (
				6060603B21835623009BB419 /* FoodWorldCup */,
			);
		};
/* End PBXProject section */

/* Begin PBXResourcesBuildPhase section */
		6060603A21835623009BB419 /* Resources */ = {
			isa = PBXResourcesBuildPhase;
			buildActionMask = 2147483647;
			files = (
				6060604D21835625009BB419 /* LaunchScreen.storyboard in Resources */,
				6060604A21835625009BB419 /* Assets.xcassets in Resources */,
				6060604521835623009BB419 /* Main.storyboard in Resources */,
			);
			runOnlyForDeploymentPostprocessing = 0;
		};
/* End PBXResourcesBuildPhase section */

/* Begin PBXSourcesBuildPhase section */
		6060603821835623009BB419 /* Sources */ = {
			isa = PBXSourcesBuildPhase;
			buildActionMask = 2147483647;
			files = (
				6060604221835623009BB419 /* ViewController.swift in Sources */,
				6060604021835623009BB419 /* AppDelegate.swift in Sources */,
				6060604821835623009BB419 /* FoodWorldCup.xcdatamodeld in Sources */,
			);
			runOnlyForDeploymentPostprocessing = 0;
		};
/* End PBXSourcesBuildPhase section */

/* Begin PBXVariantGroup section */
		6060604321835623009BB419 /* Main.storyboard */ = {
			isa = PBXVariantGroup;
			children = (
				6060604421835623009BB419 /* Base */,
			);
			name = Main.storyboard;
			sourceTree = "<group>";
		};
		6060604B21835625009BB419 /* LaunchScreen.storyboard */ = {
			isa = PBXVariantGroup;
			children = (
				6060604C21835625009BB419 /* Base */,
			);
			name = LaunchScreen.storyboard;
			sourceTree = "<group>";
		};
/* End PBXVariantGroup section */

/* Begin XCBuildConfiguration section */
		6060604F21835625009BB419 /* Debug */ = {
			isa = XCBuildConfiguration;
			buildSettings = {
				ALWAYS_SEARCH_USER_PATHS = NO;
				CLANG_ANALYZER_NONNULL = YES;
				CLANG_ANALYZER_NUMBER_OBJECT_CONVERSION = YES_AGGRESSIVE;
				CLANG_CXX_LANGUAGE_STANDARD = "gnu++14";
				CLANG_CXX_LIBRARY = "libc++";
				CLANG_ENABLE_MODULES = YES;
				CLANG_ENABLE_OBJC_ARC = YES;
				CLANG_ENABLE_OBJC_WEAK = YES;
				CLANG_WARN_BLOCK_CAPTURE_AUTORELEASING = YES;
				CLANG_WARN_BOOL_CONVERSION = YES;
				CLANG_WARN_COMMA = YES;
				CLANG_WARN_CONSTANT_CONVERSION = YES;
				CLANG_WARN_DEPRECATED_OBJC_IMPLEMENTATIONS = YES;
				CLANG_WARN_DIRECT_OBJC_ISA_USAGE = YES_ERROR;
				CLANG_WARN_DOCUMENTATION_COMMENTS = YES;
				CLANG_WARN_EMPTY_BODY = YES;
				CLANG_WARN_ENUM_CONVERSION = YES;
				CLANG_WARN_INFINITE_RECURSION = YES;
				CLANG_WARN_INT_CONVERSION = YES;
				CLANG_WARN_NON_LITERAL_NULL_CONVERSION = YES;
				CLANG_WARN_OBJC_IMPLICIT_RETAIN_SELF = YES;
				CLANG_WARN_OBJC_LITERAL_CONVERSION = YES;
				CLANG_WARN_OBJC_ROOT_CLASS = YES_ERROR;
				CLANG_WARN_RANGE_LOOP_ANALYSIS = YES;
				CLANG_WARN_STRICT_PROTOTYPES = YES;
				CLANG_WARN_SUSPICIOUS_MOVE = YES;
				CLANG_WARN_UNGUARDED_AVAILABILITY = YES_AGGRESSIVE;
				CLANG_WARN_UNREACHABLE_CODE = YES;
				CLANG_WARN__DUPLICATE_METHOD_MATCH = YES;
				CODE_SIGN_IDENTITY = "iPhone Developer";
				COPY_PHASE_STRIP = NO;
				DEBUG_INFORMATION_FORMAT = dwarf;
				ENABLE_STRICT_OBJC_MSGSEND = YES;
				ENABLE_TESTABILITY = YES;
				GCC_C_LANGUAGE_STANDARD = gnu11;
				GCC_DYNAMIC_NO_PIC = NO;
				GCC_NO_COMMON_BLOCKS = YES;
				GCC_OPTIMIZATION_LEVEL = 0;
				GCC_PREPROCESSOR_DEFINITIONS = (
					"DEBUG=1",
					"$(inherited)",
				);
				GCC_WARN_64_TO_32_BIT_CONVERSION = YES;
				GCC_WARN_ABOUT_RETURN_TYPE = YES_ERROR;
				GCC_WARN_UNDECLARED_SELECTOR = YES;
				GCC_WARN_UNINITIALIZED_AUTOS = YES_AGGRESSIVE;
				GCC_WARN_UNUSED_FUNCTION = YES;
				GCC_WARN_UNUSED_VARIABLE = YES;
				IPHONEOS_DEPLOYMENT_TARGET = 12.0;
				MTL_ENABLE_DEBUG_INFO = INCLUDE_SOURCE;
				MTL_FAST_MATH = YES;
				ONLY_ACTIVE_ARCH = YES;
				SDKROOT = iphoneos;
				SWIFT_ACTIVE_COMPILATION_CONDITIONS = DEBUG;
				SWIFT_OPTIMIZATION_LEVEL = "-Onone";
			};
			name = Debug;
		};
		6060605021835625009BB419 /* Release */ = {
			isa = XCBuildConfiguration;
			buildSettings = {
				ALWAYS_SEARCH_USER_PATHS = NO;
				CLANG_ANALYZER_NONNULL = YES;
				CLANG_ANALYZER_NUMBER_OBJECT_CONVERSION = YES_AGGRESSIVE;
				CLANG_CXX_LANGUAGE_STANDARD = "gnu++14";
				CLANG_CXX_LIBRARY = "libc++";
				CLANG_ENABLE_MODULES = YES;
				CLANG_ENABLE_OBJC_ARC = YES;
				CLANG_ENABLE_OBJC_WEAK = YES;
				CLANG_WARN_BLOCK_CAPTURE_AUTORELEASING = YES;
				CLANG_WARN_BOOL_CONVERSION = YES;
				CLANG_WARN_COMMA = YES;
				CLANG_WARN_CONSTANT_CONVERSION = YES;
				CLANG_WARN_DEPRECATED_OBJC_IMPLEMENTATIONS = YES;
				CLANG_WARN_DIRECT_OBJC_ISA_USAGE = YES_ERROR;
				CLANG_WARN_DOCUMENTATION_COMMENTS = YES;
				CLANG_WARN_EMPTY_BODY = YES;
				CLANG_WARN_ENUM_CONVERSION = YES;
				CLANG_WARN_INFINITE_RECURSION = YES;
				CLANG_WARN_INT_CONVERSION = YES;
				CLANG_WARN_NON_LITERAL_NULL_CONVERSION = YES;
				CLANG_WARN_OBJC_IMPLICIT_RETAIN_SELF = YES;
				CLANG_WARN_OBJC_LITERAL_CONVERSION = YES;
				CLANG_WARN_OBJC_ROOT_CLASS = YES_ERROR;
				CLANG_WARN_RANGE_LOOP_ANALYSIS = YES;
				CLANG_WARN_STRICT_PROTOTYPES = YES;
				CLANG_WARN_SUSPICIOUS_MOVE = YES;
				CLANG_WARN_UNGUARDED_AVAILABILITY = YES_AGGRESSIVE;
				CLANG_WARN_UNREACHABLE_CODE = YES;
				CLANG_WARN__DUPLICATE_METHOD_MATCH = YES;
				CODE_SIGN_IDENTITY = "iPhone Developer";
				COPY_PHASE_STRIP = NO;
				DEBUG_INFORMATION_FORMAT = "dwarf-with-dsym";
				ENABLE_NS_ASSERTIONS = NO;
				ENABLE_STRICT_OBJC_MSGSEND = YES;
				GCC_C_LANGUAGE_STANDARD = gnu11;
				GCC_NO_COMMON_BLOCKS = YES;
				GCC_WARN_64_TO_32_BIT_CONVERSION = YES;
				GCC_WARN_ABOUT_RETURN_TYPE = YES_ERROR;
				GCC_WARN_UNDECLARED_SELECTOR = YES;
				GCC_WARN_UNINITIALIZED_AUTOS = YES_AGGRESSIVE;
				GCC_WARN_UNUSED_FUNCTION = YES;
				GCC_WARN_UNUSED_VARIABLE = YES;
				IPHONEOS_DEPLOYMENT_TARGET = 12.0;
				MTL_ENABLE_DEBUG_INFO = NO;
				MTL_FAST_MATH = YES;
				SDKROOT = iphoneos;
				SWIFT_COMPILATION_MODE = wholemodule;
				SWIFT_OPTIMIZATION_LEVEL = "-O";
				VALIDATE_PRODUCT = YES;
			};
			name = Release;
		};
		6060605221835625009BB419 /* Debug */ = {
			isa = XCBuildConfiguration;
			buildSettings = {
				ASSETCATALOG_COMPILER_APPICON_NAME = AppIcon;
				CODE_SIGN_STYLE = Automatic;
				DEVELOPMENT_TEAM = GN3PLAKW34;
				INFOPLIST_FILE = FoodWorldCup/Info.plist;
				LD_RUNPATH_SEARCH_PATHS = (
					"$(inherited)",
					"@executable_path/Frameworks",
				);
				PRODUCT_BUNDLE_IDENTIFIER = sjbyun.FoodWorldCup;
				PRODUCT_NAME = "$(TARGET_NAME)";
				SWIFT_VERSION = 4.2;
				TARGETED_DEVICE_FAMILY = "1,2";
			};
			name = Debug;
		};
		6060605321835625009BB419 /* Release */ = {
			isa = XCBuildConfiguration;
			buildSettings = {
				ASSETCATALOG_COMPILER_APPICON_NAME = AppIcon;
				CODE_SIGN_STYLE = Automatic;
				DEVELOPMENT_TEAM = GN3PLAKW34;
				INFOPLIST_FILE = FoodWorldCup/Info.plist;
				LD_RUNPATH_SEARCH_PATHS = (
					"$(inherited)",
					"@executable_path/Frameworks",
				);
				PRODUCT_BUNDLE_IDENTIFIER = sjbyun.FoodWorldCup;
				PRODUCT_NAME = "$(TARGET_NAME)";
				SWIFT_VERSION = 4.2;
				TARGETED_DEVICE_FAMILY = "1,2";
			};
			name = Release;
		};
/* End XCBuildConfiguration section */

/* Begin XCConfigurationList section */
		6060603721835623009BB419 /* Build configuration list for PBXProject "FoodWorldCup" */ = {
			isa = XCConfigurationList;
			buildConfigurations = (
				6060604F21835625009BB419 /* Debug */,
				6060605021835625009BB419 /* Release */,
			);
			defaultConfigurationIsVisible = 0;
			defaultConfigurationName = Release;
		};
		6060605121835625009BB419 /* Build configuration list for PBXNativeTarget "FoodWorldCup" */ = {
			isa = XCConfigurationList;
			buildConfigurations = (
				6060605221835625009BB419 /* Debug */,
				6060605321835625009BB419 /* Release */,
			);
			defaultConfigurationIsVisible = 0;
			defaultConfigurationName = Release;
		};
/* End XCConfigurationList section */

/* Begin XCVersionGroup section */
		6060604621835623009BB419 /* FoodWorldCup.xcdatamodeld */ = {
			isa = XCVersionGroup;
			children = (
				6060604721835623009BB419 /* FoodWorldCup.xcdatamodel */,
			);
			currentVersion = 6060604721835623009BB419 /* FoodWorldCup.xcdatamodel */;
			path = FoodWorldCup.xcdatamodeld;
			sourceTree = "<group>";
			versionGroupType = wrapper.xcdatamodel;
		};
/* End XCVersionGroup section */
	};
	rootObject = 6060603421835623009BB419 /* Project object */;
}
